// !$*UTF8*$!
{
	archiveVersion = 1;
	classes = {
	};
	objectVersion = 50;
	objects = {

/* Begin PBXBuildFile section */
		CD03E6D8259BC8DE005F0F83 /* testand.sna in Resources */ = {isa = PBXBuildFile; fileRef = CD03E6D7259BC8DE005F0F83 /* testand.sna */; };
		CD03E6E0259BD501005F0F83 /* testz80.sna in Resources */ = {isa = PBXBuildFile; fileRef = CD03E6DF259BD501005F0F83 /* testz80.sna */; };
		CD03E6E5259C7827005F0F83 /* ab.sna in Resources */ = {isa = PBXBuildFile; fileRef = CD03E6E4259C7827005F0F83 /* ab.sna */; };
		CD03E6F0259CF95B005F0F83 /* Z80.swift in Sources */ = {isa = PBXBuildFile; fileRef = CDE3ECAF258CE7D900C8E8AF /* Z80.swift */; };
		CD03E706259CF963005F0F83 /* Data+String.swift in Sources */ = {isa = PBXBuildFile; fileRef = CDF8A2652531DA7900F0D216 /* Data+String.swift */; };
		CD03E707259CF963005F0F83 /* Z80+OpcodeDDFDCB.swift in Sources */ = {isa = PBXBuildFile; fileRef = CD959D6B2599EF940043FB91 /* Z80+OpcodeDDFDCB.swift */; };
		CD03E708259CF963005F0F83 /* Int+Attributes.swift in Sources */ = {isa = PBXBuildFile; fileRef = CDCB61DC2588DC56008DD916 /* Int+Attributes.swift */; };
		CD03E709259CF963005F0F83 /* Int+Bitwise.swift in Sources */ = {isa = PBXBuildFile; fileRef = CDCB61D72588C80B008DD916 /* Int+Bitwise.swift */; };
		CD03E70A259CF963005F0F83 /* Z80+OpcodeCB.swift in Sources */ = {isa = PBXBuildFile; fileRef = CDED0BFA25949B2D00862DE0 /* Z80+OpcodeCB.swift */; };
		CD03E70B259CF963005F0F83 /* Z80+OpCodeDDFD.swift in Sources */ = {isa = PBXBuildFile; fileRef = CD959D702599F6680043FB91 /* Z80+OpCodeDDFD.swift */; };
		CD03E70C259CF963005F0F83 /* UIImage+Bitmap.swift in Sources */ = {isa = PBXBuildFile; fileRef = CDCB61D225881842008DD916 /* UIImage+Bitmap.swift */; };
		CD03E70D259CF963005F0F83 /* Z80+Opcode.swift in Sources */ = {isa = PBXBuildFile; fileRef = CDED0BFF25949B3C00862DE0 /* Z80+Opcode.swift */; };
		CD03E70E259CF963005F0F83 /* UInt8+Bitwise.swift in Sources */ = {isa = PBXBuildFile; fileRef = CDED0C0425949EB000862DE0 /* UInt8+Bitwise.swift */; };
		CD03E70F259CF963005F0F83 /* UInt16+Bitwise.swift in Sources */ = {isa = PBXBuildFile; fileRef = CDED0C112598967700862DE0 /* UInt16+Bitwise.swift */; };
		CD03E710259CF963005F0F83 /* DispatchQueue+backgrounding.swift in Sources */ = {isa = PBXBuildFile; fileRef = CD8F4D6D258FD48B0004CD3F /* DispatchQueue+backgrounding.swift */; };
		CD03E711259CF963005F0F83 /* Z80+OpcodeED.swift in Sources */ = {isa = PBXBuildFile; fileRef = CDED0BEB25949ACD00862DE0 /* Z80+OpcodeED.swift */; };
		CD03E712259CF963005F0F83 /* StringExtensions.swift in Sources */ = {isa = PBXBuildFile; fileRef = CDF8A26D2531DBC000F0D216 /* StringExtensions.swift */; };
		CD03E716259CF989005F0F83 /* MainTableViewCell.swift in Sources */ = {isa = PBXBuildFile; fileRef = CD59ECF0254EBE0400B56C1A /* MainTableViewCell.swift */; };
		CD03E717259CF989005F0F83 /* SceneDelegate.swift in Sources */ = {isa = PBXBuildFile; fileRef = CDF8A1D42531CC2700F0D216 /* SceneDelegate.swift */; };
		CD03E718259CF989005F0F83 /* AppDelegate.swift in Sources */ = {isa = PBXBuildFile; fileRef = CDF8A1D22531CC2700F0D216 /* AppDelegate.swift */; };
		CD03E719259CF989005F0F83 /* Color.swift in Sources */ = {isa = PBXBuildFile; fileRef = CDCB61C825881786008DD916 /* Color.swift */; };
		CD03E71A259CF989005F0F83 /* OpCodeDefs.swift in Sources */ = {isa = PBXBuildFile; fileRef = CDBB3F39253B360F00A1FFC0 /* OpCodeDefs.swift */; };
		CD03E71B259CF989005F0F83 /* Bitmap.swift in Sources */ = {isa = PBXBuildFile; fileRef = CDCB61CD258817C8008DD916 /* Bitmap.swift */; };
		CD03E71C259CF989005F0F83 /* LineTableViewCell.swift in Sources */ = {isa = PBXBuildFile; fileRef = CDF8A27B2531ED3500F0D216 /* LineTableViewCell.swift */; };
		CD03E71D259CF989005F0F83 /* ViewController.swift in Sources */ = {isa = PBXBuildFile; fileRef = CDF8A1D62531CC2700F0D216 /* ViewController.swift */; };
		CD03E721259CF995005F0F83 /* Accumilator.swift in Sources */ = {isa = PBXBuildFile; fileRef = CDE3ECC2258CFC8B00C8E8AF /* Accumilator.swift */; };
		CD03E722259CF995005F0F83 /* Register.swift in Sources */ = {isa = PBXBuildFile; fileRef = CDE3ECB5258CE84D00C8E8AF /* Register.swift */; };
		CD03E723259CF995005F0F83 /* OpCode.swift in Sources */ = {isa = PBXBuildFile; fileRef = CDBB3F3E253B371800A1FFC0 /* OpCode.swift */; };
		CD03E724259CF995005F0F83 /* RegisterPair.swift in Sources */ = {isa = PBXBuildFile; fileRef = CDE3ECBD258CF3F100C8E8AF /* RegisterPair.swift */; };
		CD03E725259CF995005F0F83 /* Flag.swift in Sources */ = {isa = PBXBuildFile; fileRef = CDED0C0925949FF400862DE0 /* Flag.swift */; };
		CD03E726259CF995005F0F83 /* CodeByteModel.swift in Sources */ = {isa = PBXBuildFile; fileRef = CDF8A2732531E87F00F0D216 /* CodeByteModel.swift */; };
		CD03E727259CF995005F0F83 /* RegisterModel.swift in Sources */ = {isa = PBXBuildFile; fileRef = CDF8C47825335F8C0014A587 /* RegisterModel.swift */; };
		CD03E729259CF995005F0F83 /* FlagRegister.swift in Sources */ = {isa = PBXBuildFile; fileRef = CD0DB0F8259B5E340001A4F5 /* FlagRegister.swift */; };
		CD03E72A259CF995005F0F83 /* TargetType.swift in Sources */ = {isa = PBXBuildFile; fileRef = CD59ED07254EC83B00B56C1A /* TargetType.swift */; };
		CD03E7C225A12B2E005F0F83 /* allTestsTo7f.swift in Sources */ = {isa = PBXBuildFile; fileRef = CD03E7C125A12B2D005F0F83 /* allTestsTo7f.swift */; };
		CD0DB0F9259B5E340001A4F5 /* FlagRegister.swift in Sources */ = {isa = PBXBuildFile; fileRef = CD0DB0F8259B5E340001A4F5 /* FlagRegister.swift */; };
		CD59ECF1254EBE0400B56C1A /* MainTableViewCell.swift in Sources */ = {isa = PBXBuildFile; fileRef = CD59ECF0254EBE0400B56C1A /* MainTableViewCell.swift */; };
		CD59ED08254EC83B00B56C1A /* TargetType.swift in Sources */ = {isa = PBXBuildFile; fileRef = CD59ED07254EC83B00B56C1A /* TargetType.swift */; };
		CD62E3C225A1A32200B89CEA /* allTests80toca.swift in Sources */ = {isa = PBXBuildFile; fileRef = CD62E3C125A1A32200B89CEA /* allTests80toca.swift */; };
		CD62E3D325A1C06700B89CEA /* allTestsP_CB00to7f.swift in Sources */ = {isa = PBXBuildFile; fileRef = CD62E3D225A1C06700B89CEA /* allTestsP_CB00to7f.swift */; };
		CD62E3D825A1D99A00B89CEA /* allTestsP_CB80toff.swift in Sources */ = {isa = PBXBuildFile; fileRef = CD62E3D725A1D99A00B89CEA /* allTestsP_CB80toff.swift */; };
		CD62E3DD25A1EEC800B89CEA /* allTestsP_DD00to7f.swift in Sources */ = {isa = PBXBuildFile; fileRef = CD62E3DC25A1EEC800B89CEA /* allTestsP_DD00to7f.swift */; };
		CD62E3E225A1F44200B89CEA /* BaseTest.swift in Sources */ = {isa = PBXBuildFile; fileRef = CD62E3E125A1F44200B89CEA /* BaseTest.swift */; };
		CD62E3E725A1F49200B89CEA /* allTestsP_DD80toff.swift in Sources */ = {isa = PBXBuildFile; fileRef = CD62E3E625A1F49200B89CEA /* allTestsP_DD80toff.swift */; };
		CD62E3EC25A1FB3500B89CEA /* allTestsP_DDCB00to7f.swift in Sources */ = {isa = PBXBuildFile; fileRef = CD62E3EB25A1FB3500B89CEA /* allTestsP_DDCB00to7f.swift */; };
		CD62E3F125A2068C00B89CEA /* allTestsP_DDCB80toff.swift in Sources */ = {isa = PBXBuildFile; fileRef = CD62E3F025A2068C00B89CEA /* allTestsP_DDCB80toff.swift */; };
		CD62E3F925A2169E00B89CEA /* allTestP_ED_ALL.swift in Sources */ = {isa = PBXBuildFile; fileRef = CD62E3F825A2169E00B89CEA /* allTestP_ED_ALL.swift */; };
		CD62E3FE25A2526200B89CEA /* allTestsP_FDCB00to7f.swift in Sources */ = {isa = PBXBuildFile; fileRef = CD62E3FD25A2526200B89CEA /* allTestsP_FDCB00to7f.swift */; };
		CD62E40625A253EF00B89CEA /* allTestsP_FDCB80toff.swift in Sources */ = {isa = PBXBuildFile; fileRef = CD62E40525A253EF00B89CEA /* allTestsP_FDCB80toff.swift */; };
		CD62E40B25A2557C00B89CEA /* allTestsP_FD_ALL.swift in Sources */ = {isa = PBXBuildFile; fileRef = CD62E40A25A2557C00B89CEA /* allTestsP_FD_ALL.swift */; };
		CD62E43E25A4C44600B89CEA /* AudioStreamer.swift in Sources */ = {isa = PBXBuildFile; fileRef = CD62E43D25A4C44600B89CEA /* AudioStreamer.swift */; };
		CD8F4D69258F9E860004CD3F /* Main_Mac.storyboard in Resources */ = {isa = PBXBuildFile; fileRef = CD8F4D68258F9E860004CD3F /* Main_Mac.storyboard */; };
		CD8F4D6E258FD48B0004CD3F /* DispatchQueue+backgrounding.swift in Sources */ = {isa = PBXBuildFile; fileRef = CD8F4D6D258FD48B0004CD3F /* DispatchQueue+backgrounding.swift */; };
		CD959D6C2599EF940043FB91 /* Z80+OpcodeDDFDCB.swift in Sources */ = {isa = PBXBuildFile; fileRef = CD959D6B2599EF940043FB91 /* Z80+OpcodeDDFDCB.swift */; };
		CD959D712599F6680043FB91 /* Z80+OpCodeDDFD.swift in Sources */ = {isa = PBXBuildFile; fileRef = CD959D702599F6680043FB91 /* Z80+OpCodeDDFD.swift */; };
		CDBB3F3A253B360F00A1FFC0 /* OpCodeDefs.swift in Sources */ = {isa = PBXBuildFile; fileRef = CDBB3F39253B360F00A1FFC0 /* OpCodeDefs.swift */; };
		CDBB3F3F253B371800A1FFC0 /* OpCode.swift in Sources */ = {isa = PBXBuildFile; fileRef = CDBB3F3E253B371800A1FFC0 /* OpCode.swift */; };
		CDCB61C925881786008DD916 /* Color.swift in Sources */ = {isa = PBXBuildFile; fileRef = CDCB61C825881786008DD916 /* Color.swift */; };
		CDCB61CE258817C8008DD916 /* Bitmap.swift in Sources */ = {isa = PBXBuildFile; fileRef = CDCB61CD258817C8008DD916 /* Bitmap.swift */; };
		CDCB61D325881842008DD916 /* UIImage+Bitmap.swift in Sources */ = {isa = PBXBuildFile; fileRef = CDCB61D225881842008DD916 /* UIImage+Bitmap.swift */; };
		CDCB61D82588C80B008DD916 /* Int+Bitwise.swift in Sources */ = {isa = PBXBuildFile; fileRef = CDCB61D72588C80B008DD916 /* Int+Bitwise.swift */; };
		CDCB61DD2588DC56008DD916 /* Int+Attributes.swift in Sources */ = {isa = PBXBuildFile; fileRef = CDCB61DC2588DC56008DD916 /* Int+Attributes.swift */; };
		CDCB61E22588F030008DD916 /* aticatac.sna in Resources */ = {isa = PBXBuildFile; fileRef = CDCB61E12588F030008DD916 /* aticatac.sna */; };
		CDE3ECB0258CE7D900C8E8AF /* Z80.swift in Sources */ = {isa = PBXBuildFile; fileRef = CDE3ECAF258CE7D900C8E8AF /* Z80.swift */; };
		CDE3ECB6258CE84E00C8E8AF /* Register.swift in Sources */ = {isa = PBXBuildFile; fileRef = CDE3ECB5258CE84D00C8E8AF /* Register.swift */; };
		CDE3ECBE258CF3F100C8E8AF /* RegisterPair.swift in Sources */ = {isa = PBXBuildFile; fileRef = CDE3ECBD258CF3F100C8E8AF /* RegisterPair.swift */; };
		CDE3ECC3258CFC8B00C8E8AF /* Accumilator.swift in Sources */ = {isa = PBXBuildFile; fileRef = CDE3ECC2258CFC8B00C8E8AF /* Accumilator.swift */; };
		CDE3ECCC258F525500C8E8AF /* 128k+3.rom in Resources */ = {isa = PBXBuildFile; fileRef = CDE3ECC8258F525500C8E8AF /* 128k+3.rom */; };
		CDE3ECCD258F525500C8E8AF /* 128k+2.rom in Resources */ = {isa = PBXBuildFile; fileRef = CDE3ECC9258F525500C8E8AF /* 128k+2.rom */; };
		CDE3ECCE258F525500C8E8AF /* 48k.rom in Resources */ = {isa = PBXBuildFile; fileRef = CDE3ECCA258F525500C8E8AF /* 48k.rom */; };
		CDE3ECCF258F525500C8E8AF /* 128k.rom in Resources */ = {isa = PBXBuildFile; fileRef = CDE3ECCB258F525500C8E8AF /* 128k.rom */; };
		CDED0BEC25949ACD00862DE0 /* Z80+OpcodeED.swift in Sources */ = {isa = PBXBuildFile; fileRef = CDED0BEB25949ACD00862DE0 /* Z80+OpcodeED.swift */; };
		CDED0BFB25949B2D00862DE0 /* Z80+OpcodeCB.swift in Sources */ = {isa = PBXBuildFile; fileRef = CDED0BFA25949B2D00862DE0 /* Z80+OpcodeCB.swift */; };
		CDED0C0025949B3C00862DE0 /* Z80+Opcode.swift in Sources */ = {isa = PBXBuildFile; fileRef = CDED0BFF25949B3C00862DE0 /* Z80+Opcode.swift */; };
		CDED0C0525949EB000862DE0 /* UInt8+Bitwise.swift in Sources */ = {isa = PBXBuildFile; fileRef = CDED0C0425949EB000862DE0 /* UInt8+Bitwise.swift */; };
		CDED0C0A25949FF400862DE0 /* Flag.swift in Sources */ = {isa = PBXBuildFile; fileRef = CDED0C0925949FF400862DE0 /* Flag.swift */; };
		CDED0C122598967700862DE0 /* UInt16+Bitwise.swift in Sources */ = {isa = PBXBuildFile; fileRef = CDED0C112598967700862DE0 /* UInt16+Bitwise.swift */; };
		CDF8A1D32531CC2700F0D216 /* AppDelegate.swift in Sources */ = {isa = PBXBuildFile; fileRef = CDF8A1D22531CC2700F0D216 /* AppDelegate.swift */; };
		CDF8A1D52531CC2700F0D216 /* SceneDelegate.swift in Sources */ = {isa = PBXBuildFile; fileRef = CDF8A1D42531CC2700F0D216 /* SceneDelegate.swift */; };
		CDF8A1D72531CC2700F0D216 /* ViewController.swift in Sources */ = {isa = PBXBuildFile; fileRef = CDF8A1D62531CC2700F0D216 /* ViewController.swift */; };
		CDF8A1DA2531CC2700F0D216 /* Main.storyboard in Resources */ = {isa = PBXBuildFile; fileRef = CDF8A1D82531CC2700F0D216 /* Main.storyboard */; };
		CDF8A1DD2531CC2700F0D216 /* inSpeccytor.xcdatamodeld in Sources */ = {isa = PBXBuildFile; fileRef = CDF8A1DB2531CC2700F0D216 /* inSpeccytor.xcdatamodeld */; };
		CDF8A1DF2531CC2A00F0D216 /* Assets.xcassets in Resources */ = {isa = PBXBuildFile; fileRef = CDF8A1DE2531CC2A00F0D216 /* Assets.xcassets */; };
		CDF8A1E22531CC2A00F0D216 /* LaunchScreen.storyboard in Resources */ = {isa = PBXBuildFile; fileRef = CDF8A1E02531CC2A00F0D216 /* LaunchScreen.storyboard */; };
		CDF8A1F82531CC2A00F0D216 /* inSpeccytorUITests.swift in Sources */ = {isa = PBXBuildFile; fileRef = CDF8A1F72531CC2A00F0D216 /* inSpeccytorUITests.swift */; };
		CDF8A20E2531CCB700F0D216 /* actionbiker.sna in Resources */ = {isa = PBXBuildFile; fileRef = CDF8A20D2531CCB700F0D216 /* actionbiker.sna */; };
		CDF8A2662531DA7900F0D216 /* Data+String.swift in Sources */ = {isa = PBXBuildFile; fileRef = CDF8A2652531DA7900F0D216 /* Data+String.swift */; };
		CDF8A26E2531DBC000F0D216 /* StringExtensions.swift in Sources */ = {isa = PBXBuildFile; fileRef = CDF8A26D2531DBC000F0D216 /* StringExtensions.swift */; };
		CDF8A2742531E87F00F0D216 /* CodeByteModel.swift in Sources */ = {isa = PBXBuildFile; fileRef = CDF8A2732531E87F00F0D216 /* CodeByteModel.swift */; };
		CDF8A27C2531ED3500F0D216 /* LineTableViewCell.swift in Sources */ = {isa = PBXBuildFile; fileRef = CDF8A27B2531ED3500F0D216 /* LineTableViewCell.swift */; };
		CDF8C47925335F8C0014A587 /* RegisterModel.swift in Sources */ = {isa = PBXBuildFile; fileRef = CDF8C47825335F8C0014A587 /* RegisterModel.swift */; };
/* End PBXBuildFile section */

/* Begin PBXContainerItemProxy section */
		CDF8A1E92531CC2A00F0D216 /* PBXContainerItemProxy */ = {
			isa = PBXContainerItemProxy;
			containerPortal = CDF8A1C72531CC2700F0D216 /* Project object */;
			proxyType = 1;
			remoteGlobalIDString = CDF8A1CE2531CC2700F0D216;
			remoteInfo = inSpeccytor;
		};
		CDF8A1F42531CC2A00F0D216 /* PBXContainerItemProxy */ = {
			isa = PBXContainerItemProxy;
			containerPortal = CDF8A1C72531CC2700F0D216 /* Project object */;
			proxyType = 1;
			remoteGlobalIDString = CDF8A1CE2531CC2700F0D216;
			remoteInfo = inSpeccytor;
		};
/* End PBXContainerItemProxy section */

/* Begin PBXFileReference section */
		CD03E6D7259BC8DE005F0F83 /* testand.sna */ = {isa = PBXFileReference; lastKnownFileType = file; path = testand.sna; sourceTree = "<group>"; };
		CD03E6DF259BD501005F0F83 /* testz80.sna */ = {isa = PBXFileReference; lastKnownFileType = file; path = testz80.sna; sourceTree = "<group>"; };
		CD03E6E4259C7827005F0F83 /* ab.sna */ = {isa = PBXFileReference; lastKnownFileType = file; path = ab.sna; sourceTree = "<group>"; };
		CD03E7C125A12B2D005F0F83 /* allTestsTo7f.swift */ = {isa = PBXFileReference; lastKnownFileType = sourcecode.swift; path = allTestsTo7f.swift; sourceTree = "<group>"; };
		CD0DB0F8259B5E340001A4F5 /* FlagRegister.swift */ = {isa = PBXFileReference; lastKnownFileType = sourcecode.swift; path = FlagRegister.swift; sourceTree = "<group>"; };
		CD59ECF0254EBE0400B56C1A /* MainTableViewCell.swift */ = {isa = PBXFileReference; lastKnownFileType = sourcecode.swift; path = MainTableViewCell.swift; sourceTree = "<group>"; };
		CD59ED07254EC83B00B56C1A /* TargetType.swift */ = {isa = PBXFileReference; lastKnownFileType = sourcecode.swift; path = TargetType.swift; sourceTree = "<group>"; };
		CD62E3C125A1A32200B89CEA /* allTests80toca.swift */ = {isa = PBXFileReference; lastKnownFileType = sourcecode.swift; path = allTests80toca.swift; sourceTree = "<group>"; };
		CD62E3D225A1C06700B89CEA /* allTestsP_CB00to7f.swift */ = {isa = PBXFileReference; lastKnownFileType = sourcecode.swift; path = allTestsP_CB00to7f.swift; sourceTree = "<group>"; };
		CD62E3D725A1D99A00B89CEA /* allTestsP_CB80toff.swift */ = {isa = PBXFileReference; lastKnownFileType = sourcecode.swift; path = allTestsP_CB80toff.swift; sourceTree = "<group>"; };
		CD62E3DC25A1EEC800B89CEA /* allTestsP_DD00to7f.swift */ = {isa = PBXFileReference; lastKnownFileType = sourcecode.swift; path = allTestsP_DD00to7f.swift; sourceTree = "<group>"; };
		CD62E3E125A1F44200B89CEA /* BaseTest.swift */ = {isa = PBXFileReference; lastKnownFileType = sourcecode.swift; path = BaseTest.swift; sourceTree = "<group>"; };
		CD62E3E625A1F49200B89CEA /* allTestsP_DD80toff.swift */ = {isa = PBXFileReference; lastKnownFileType = sourcecode.swift; path = allTestsP_DD80toff.swift; sourceTree = "<group>"; };
		CD62E3EB25A1FB3500B89CEA /* allTestsP_DDCB00to7f.swift */ = {isa = PBXFileReference; lastKnownFileType = sourcecode.swift; path = allTestsP_DDCB00to7f.swift; sourceTree = "<group>"; };
		CD62E3F025A2068C00B89CEA /* allTestsP_DDCB80toff.swift */ = {isa = PBXFileReference; lastKnownFileType = sourcecode.swift; path = allTestsP_DDCB80toff.swift; sourceTree = "<group>"; };
		CD62E3F825A2169E00B89CEA /* allTestP_ED_ALL.swift */ = {isa = PBXFileReference; lastKnownFileType = sourcecode.swift; path = allTestP_ED_ALL.swift; sourceTree = "<group>"; };
		CD62E3FD25A2526200B89CEA /* allTestsP_FDCB00to7f.swift */ = {isa = PBXFileReference; lastKnownFileType = sourcecode.swift; path = allTestsP_FDCB00to7f.swift; sourceTree = "<group>"; };
		CD62E40525A253EF00B89CEA /* allTestsP_FDCB80toff.swift */ = {isa = PBXFileReference; lastKnownFileType = sourcecode.swift; path = allTestsP_FDCB80toff.swift; sourceTree = "<group>"; };
		CD62E40A25A2557C00B89CEA /* allTestsP_FD_ALL.swift */ = {isa = PBXFileReference; lastKnownFileType = sourcecode.swift; path = allTestsP_FD_ALL.swift; sourceTree = "<group>"; };
		CD62E43D25A4C44600B89CEA /* AudioStreamer.swift */ = {isa = PBXFileReference; fileEncoding = 4; lastKnownFileType = sourcecode.swift; path = AudioStreamer.swift; sourceTree = "<group>"; };
		CD8F4D68258F9E860004CD3F /* Main_Mac.storyboard */ = {isa = PBXFileReference; lastKnownFileType = file.storyboard; path = Main_Mac.storyboard; sourceTree = "<group>"; };
		CD8F4D6D258FD48B0004CD3F /* DispatchQueue+backgrounding.swift */ = {isa = PBXFileReference; lastKnownFileType = sourcecode.swift; path = "DispatchQueue+backgrounding.swift"; sourceTree = "<group>"; };
		CD959D6B2599EF940043FB91 /* Z80+OpcodeDDFDCB.swift */ = {isa = PBXFileReference; lastKnownFileType = sourcecode.swift; path = "Z80+OpcodeDDFDCB.swift"; sourceTree = "<group>"; };
		CD959D702599F6680043FB91 /* Z80+OpCodeDDFD.swift */ = {isa = PBXFileReference; lastKnownFileType = sourcecode.swift; path = "Z80+OpCodeDDFD.swift"; sourceTree = "<group>"; };
		CDBB3F39253B360F00A1FFC0 /* OpCodeDefs.swift */ = {isa = PBXFileReference; lastKnownFileType = sourcecode.swift; path = OpCodeDefs.swift; sourceTree = "<group>"; };
		CDBB3F3E253B371800A1FFC0 /* OpCode.swift */ = {isa = PBXFileReference; lastKnownFileType = sourcecode.swift; path = OpCode.swift; sourceTree = "<group>"; };
		CDCB61C825881786008DD916 /* Color.swift */ = {isa = PBXFileReference; lastKnownFileType = sourcecode.swift; path = Color.swift; sourceTree = "<group>"; };
		CDCB61CD258817C8008DD916 /* Bitmap.swift */ = {isa = PBXFileReference; lastKnownFileType = sourcecode.swift; path = Bitmap.swift; sourceTree = "<group>"; };
		CDCB61D225881842008DD916 /* UIImage+Bitmap.swift */ = {isa = PBXFileReference; lastKnownFileType = sourcecode.swift; path = "UIImage+Bitmap.swift"; sourceTree = "<group>"; };
		CDCB61D72588C80B008DD916 /* Int+Bitwise.swift */ = {isa = PBXFileReference; lastKnownFileType = sourcecode.swift; path = "Int+Bitwise.swift"; sourceTree = "<group>"; };
		CDCB61DC2588DC56008DD916 /* Int+Attributes.swift */ = {isa = PBXFileReference; lastKnownFileType = sourcecode.swift; path = "Int+Attributes.swift"; sourceTree = "<group>"; };
		CDCB61E12588F030008DD916 /* aticatac.sna */ = {isa = PBXFileReference; lastKnownFileType = file; path = aticatac.sna; sourceTree = "<group>"; };
		CDE3ECAF258CE7D900C8E8AF /* Z80.swift */ = {isa = PBXFileReference; lastKnownFileType = sourcecode.swift; path = Z80.swift; sourceTree = "<group>"; };
		CDE3ECB5258CE84D00C8E8AF /* Register.swift */ = {isa = PBXFileReference; lastKnownFileType = sourcecode.swift; path = Register.swift; sourceTree = "<group>"; };
		CDE3ECBD258CF3F100C8E8AF /* RegisterPair.swift */ = {isa = PBXFileReference; lastKnownFileType = sourcecode.swift; path = RegisterPair.swift; sourceTree = "<group>"; };
		CDE3ECC2258CFC8B00C8E8AF /* Accumilator.swift */ = {isa = PBXFileReference; lastKnownFileType = sourcecode.swift; path = Accumilator.swift; sourceTree = "<group>"; };
		CDE3ECC8258F525500C8E8AF /* 128k+3.rom */ = {isa = PBXFileReference; lastKnownFileType = file; path = "128k+3.rom"; sourceTree = "<group>"; };
		CDE3ECC9258F525500C8E8AF /* 128k+2.rom */ = {isa = PBXFileReference; lastKnownFileType = file; path = "128k+2.rom"; sourceTree = "<group>"; };
		CDE3ECCA258F525500C8E8AF /* 48k.rom */ = {isa = PBXFileReference; lastKnownFileType = file; path = 48k.rom; sourceTree = "<group>"; };
		CDE3ECCB258F525500C8E8AF /* 128k.rom */ = {isa = PBXFileReference; lastKnownFileType = file; path = 128k.rom; sourceTree = "<group>"; };
		CDED0BEB25949ACD00862DE0 /* Z80+OpcodeED.swift */ = {isa = PBXFileReference; lastKnownFileType = sourcecode.swift; path = "Z80+OpcodeED.swift"; sourceTree = "<group>"; };
		CDED0BFA25949B2D00862DE0 /* Z80+OpcodeCB.swift */ = {isa = PBXFileReference; lastKnownFileType = sourcecode.swift; path = "Z80+OpcodeCB.swift"; sourceTree = "<group>"; };
		CDED0BFF25949B3C00862DE0 /* Z80+Opcode.swift */ = {isa = PBXFileReference; lastKnownFileType = sourcecode.swift; path = "Z80+Opcode.swift"; sourceTree = "<group>"; };
		CDED0C0425949EB000862DE0 /* UInt8+Bitwise.swift */ = {isa = PBXFileReference; lastKnownFileType = sourcecode.swift; path = "UInt8+Bitwise.swift"; sourceTree = "<group>"; };
		CDED0C0925949FF400862DE0 /* Flag.swift */ = {isa = PBXFileReference; lastKnownFileType = sourcecode.swift; path = Flag.swift; sourceTree = "<group>"; };
		CDED0C112598967700862DE0 /* UInt16+Bitwise.swift */ = {isa = PBXFileReference; lastKnownFileType = sourcecode.swift; path = "UInt16+Bitwise.swift"; sourceTree = "<group>"; };
		CDF8A1CF2531CC2700F0D216 /* inSpeccytor.app */ = {isa = PBXFileReference; explicitFileType = wrapper.application; includeInIndex = 0; path = inSpeccytor.app; sourceTree = BUILT_PRODUCTS_DIR; };
		CDF8A1D22531CC2700F0D216 /* AppDelegate.swift */ = {isa = PBXFileReference; lastKnownFileType = sourcecode.swift; path = AppDelegate.swift; sourceTree = "<group>"; };
		CDF8A1D42531CC2700F0D216 /* SceneDelegate.swift */ = {isa = PBXFileReference; lastKnownFileType = sourcecode.swift; path = SceneDelegate.swift; sourceTree = "<group>"; };
		CDF8A1D62531CC2700F0D216 /* ViewController.swift */ = {isa = PBXFileReference; lastKnownFileType = sourcecode.swift; path = ViewController.swift; sourceTree = "<group>"; };
		CDF8A1D92531CC2700F0D216 /* Base */ = {isa = PBXFileReference; lastKnownFileType = file.storyboard; name = Base; path = Base.lproj/Main.storyboard; sourceTree = "<group>"; };
		CDF8A1DC2531CC2700F0D216 /* inSpeccytor.xcdatamodel */ = {isa = PBXFileReference; lastKnownFileType = wrapper.xcdatamodel; path = inSpeccytor.xcdatamodel; sourceTree = "<group>"; };
		CDF8A1DE2531CC2A00F0D216 /* Assets.xcassets */ = {isa = PBXFileReference; lastKnownFileType = folder.assetcatalog; path = Assets.xcassets; sourceTree = "<group>"; };
		CDF8A1E12531CC2A00F0D216 /* Base */ = {isa = PBXFileReference; lastKnownFileType = file.storyboard; name = Base; path = Base.lproj/LaunchScreen.storyboard; sourceTree = "<group>"; };
		CDF8A1E32531CC2A00F0D216 /* Info.plist */ = {isa = PBXFileReference; lastKnownFileType = text.plist.xml; path = Info.plist; sourceTree = "<group>"; };
		CDF8A1E82531CC2A00F0D216 /* inSpeccytorTests.xctest */ = {isa = PBXFileReference; explicitFileType = wrapper.cfbundle; includeInIndex = 0; path = inSpeccytorTests.xctest; sourceTree = BUILT_PRODUCTS_DIR; };
		CDF8A1EE2531CC2A00F0D216 /* Info.plist */ = {isa = PBXFileReference; lastKnownFileType = text.plist.xml; path = Info.plist; sourceTree = "<group>"; };
		CDF8A1F32531CC2A00F0D216 /* inSpeccytorUITests.xctest */ = {isa = PBXFileReference; explicitFileType = wrapper.cfbundle; includeInIndex = 0; path = inSpeccytorUITests.xctest; sourceTree = BUILT_PRODUCTS_DIR; };
		CDF8A1F72531CC2A00F0D216 /* inSpeccytorUITests.swift */ = {isa = PBXFileReference; lastKnownFileType = sourcecode.swift; path = inSpeccytorUITests.swift; sourceTree = "<group>"; };
		CDF8A1F92531CC2A00F0D216 /* Info.plist */ = {isa = PBXFileReference; lastKnownFileType = text.plist.xml; path = Info.plist; sourceTree = "<group>"; };
		CDF8A2082531CC4A00F0D216 /* inSpeccytor.entitlements */ = {isa = PBXFileReference; lastKnownFileType = text.plist.entitlements; path = inSpeccytor.entitlements; sourceTree = "<group>"; };
		CDF8A20D2531CCB700F0D216 /* actionbiker.sna */ = {isa = PBXFileReference; lastKnownFileType = file; path = actionbiker.sna; sourceTree = "<group>"; };
		CDF8A2652531DA7900F0D216 /* Data+String.swift */ = {isa = PBXFileReference; lastKnownFileType = sourcecode.swift; path = "Data+String.swift"; sourceTree = "<group>"; };
		CDF8A26D2531DBC000F0D216 /* StringExtensions.swift */ = {isa = PBXFileReference; lastKnownFileType = sourcecode.swift; path = StringExtensions.swift; sourceTree = "<group>"; };
		CDF8A2732531E87F00F0D216 /* CodeByteModel.swift */ = {isa = PBXFileReference; lastKnownFileType = sourcecode.swift; path = CodeByteModel.swift; sourceTree = "<group>"; };
		CDF8A27B2531ED3500F0D216 /* LineTableViewCell.swift */ = {isa = PBXFileReference; lastKnownFileType = sourcecode.swift; path = LineTableViewCell.swift; sourceTree = "<group>"; };
		CDF8C47825335F8C0014A587 /* RegisterModel.swift */ = {isa = PBXFileReference; lastKnownFileType = sourcecode.swift; path = RegisterModel.swift; sourceTree = "<group>"; };
/* End PBXFileReference section */

/* Begin PBXFrameworksBuildPhase section */
		CDF8A1CC2531CC2700F0D216 /* Frameworks */ = {
			isa = PBXFrameworksBuildPhase;
			buildActionMask = 2147483647;
			files = (
			);
			runOnlyForDeploymentPostprocessing = 0;
		};
		CDF8A1E52531CC2A00F0D216 /* Frameworks */ = {
			isa = PBXFrameworksBuildPhase;
			buildActionMask = 2147483647;
			files = (
			);
			runOnlyForDeploymentPostprocessing = 0;
		};
		CDF8A1F02531CC2A00F0D216 /* Frameworks */ = {
			isa = PBXFrameworksBuildPhase;
			buildActionMask = 2147483647;
			files = (
			);
			runOnlyForDeploymentPostprocessing = 0;
		};
/* End PBXFrameworksBuildPhase section */

/* Begin PBXGroup section */
		CD59ECF5254EC54C00B56C1A /* constants */ = {
			isa = PBXGroup;
			children = (
				CD59ED07254EC83B00B56C1A /* TargetType.swift */,
				CDED0C0925949FF400862DE0 /* Flag.swift */,
			);
			path = constants;
			sourceTree = "<group>";
		};
		CDE3ECB4258CE83700C8E8AF /* Registers */ = {
			isa = PBXGroup;
			children = (
				CDE3ECB5258CE84D00C8E8AF /* Register.swift */,
				CDE3ECBD258CF3F100C8E8AF /* RegisterPair.swift */,
				CDE3ECC2258CFC8B00C8E8AF /* Accumilator.swift */,
				CD0DB0F8259B5E340001A4F5 /* FlagRegister.swift */,
			);
			path = Registers;
			sourceTree = "<group>";
		};
		CDE3ECC7258F523C00C8E8AF /* roms */ = {
			isa = PBXGroup;
			children = (
				CDE3ECCA258F525500C8E8AF /* 48k.rom */,
				CDE3ECCB258F525500C8E8AF /* 128k.rom */,
				CDE3ECC9258F525500C8E8AF /* 128k+2.rom */,
				CDE3ECC8258F525500C8E8AF /* 128k+3.rom */,
			);
			path = roms;
			sourceTree = "<group>";
		};
		CDF8A1C62531CC2700F0D216 = {
			isa = PBXGroup;
			children = (
				CDF8A20C2531CC9F00F0D216 /* library */,
				CDF8A1D12531CC2700F0D216 /* inSpeccytor */,
				CDF8A1EB2531CC2A00F0D216 /* inSpeccytorTests */,
				CDF8A1F62531CC2A00F0D216 /* inSpeccytorUITests */,
				CDF8A1D02531CC2700F0D216 /* Products */,
			);
			sourceTree = "<group>";
		};
		CDF8A1D02531CC2700F0D216 /* Products */ = {
			isa = PBXGroup;
			children = (
				CDF8A1CF2531CC2700F0D216 /* inSpeccytor.app */,
				CDF8A1E82531CC2A00F0D216 /* inSpeccytorTests.xctest */,
				CDF8A1F32531CC2A00F0D216 /* inSpeccytorUITests.xctest */,
			);
			name = Products;
			sourceTree = "<group>";
		};
		CDF8A1D12531CC2700F0D216 /* inSpeccytor */ = {
			isa = PBXGroup;
			children = (
				CDE3ECB4258CE83700C8E8AF /* Registers */,
				CD59ECF5254EC54C00B56C1A /* constants */,
				CDF8A2722531E86D00F0D216 /* models */,
				CDF8A2642531DA6300F0D216 /* extensions */,
				CDF8A2082531CC4A00F0D216 /* inSpeccytor.entitlements */,
				CDF8A1D22531CC2700F0D216 /* AppDelegate.swift */,
				CD62E43D25A4C44600B89CEA /* AudioStreamer.swift */,
				CDF8A1D42531CC2700F0D216 /* SceneDelegate.swift */,
				CDF8A1D62531CC2700F0D216 /* ViewController.swift */,
				CDF8A1D82531CC2700F0D216 /* Main.storyboard */,
				CDF8A1DE2531CC2A00F0D216 /* Assets.xcassets */,
				CDF8A1E02531CC2A00F0D216 /* LaunchScreen.storyboard */,
				CDF8A1E32531CC2A00F0D216 /* Info.plist */,
				CDF8A1DB2531CC2700F0D216 /* inSpeccytor.xcdatamodeld */,
				CDF8A27B2531ED3500F0D216 /* LineTableViewCell.swift */,
				CDBB3F39253B360F00A1FFC0 /* OpCodeDefs.swift */,
				CD59ECF0254EBE0400B56C1A /* MainTableViewCell.swift */,
				CDCB61C825881786008DD916 /* Color.swift */,
				CDCB61CD258817C8008DD916 /* Bitmap.swift */,
				CDE3ECAF258CE7D900C8E8AF /* Z80.swift */,
				CD8F4D68258F9E860004CD3F /* Main_Mac.storyboard */,
			);
			path = inSpeccytor;
			sourceTree = "<group>";
		};
		CDF8A1EB2531CC2A00F0D216 /* inSpeccytorTests */ = {
			isa = PBXGroup;
			children = (
				CDF8A1EE2531CC2A00F0D216 /* Info.plist */,
				CD03E7C125A12B2D005F0F83 /* allTestsTo7f.swift */,
				CD62E3C125A1A32200B89CEA /* allTests80toca.swift */,
				CD62E3D225A1C06700B89CEA /* allTestsP_CB00to7f.swift */,
				CD62E3D725A1D99A00B89CEA /* allTestsP_CB80toff.swift */,
				CD62E3DC25A1EEC800B89CEA /* allTestsP_DD00to7f.swift */,
				CD62E3E125A1F44200B89CEA /* BaseTest.swift */,
				CD62E3E625A1F49200B89CEA /* allTestsP_DD80toff.swift */,
				CD62E3EB25A1FB3500B89CEA /* allTestsP_DDCB00to7f.swift */,
				CD62E3F025A2068C00B89CEA /* allTestsP_DDCB80toff.swift */,
				CD62E3F825A2169E00B89CEA /* allTestP_ED_ALL.swift */,
				CD62E3FD25A2526200B89CEA /* allTestsP_FDCB00to7f.swift */,
				CD62E40525A253EF00B89CEA /* allTestsP_FDCB80toff.swift */,
				CD62E40A25A2557C00B89CEA /* allTestsP_FD_ALL.swift */,
			);
			path = inSpeccytorTests;
			sourceTree = "<group>";
		};
		CDF8A1F62531CC2A00F0D216 /* inSpeccytorUITests */ = {
			isa = PBXGroup;
			children = (
				CDF8A1F72531CC2A00F0D216 /* inSpeccytorUITests.swift */,
				CDF8A1F92531CC2A00F0D216 /* Info.plist */,
			);
			path = inSpeccytorUITests;
			sourceTree = "<group>";
		};
		CDF8A20C2531CC9F00F0D216 /* library */ = {
			isa = PBXGroup;
			children = (
				CDE3ECC7258F523C00C8E8AF /* roms */,
				CDCB61E12588F030008DD916 /* aticatac.sna */,
				CD03E6E4259C7827005F0F83 /* ab.sna */,
				CD03E6D7259BC8DE005F0F83 /* testand.sna */,
				CD03E6DF259BD501005F0F83 /* testz80.sna */,
				CDF8A20D2531CCB700F0D216 /* actionbiker.sna */,
			);
			path = library;
			sourceTree = "<group>";
		};
		CDF8A2642531DA6300F0D216 /* extensions */ = {
			isa = PBXGroup;
			children = (
				CDF8A2652531DA7900F0D216 /* Data+String.swift */,
				CDF8A26D2531DBC000F0D216 /* StringExtensions.swift */,
				CDCB61D225881842008DD916 /* UIImage+Bitmap.swift */,
				CDCB61D72588C80B008DD916 /* Int+Bitwise.swift */,
				CDCB61DC2588DC56008DD916 /* Int+Attributes.swift */,
				CD8F4D6D258FD48B0004CD3F /* DispatchQueue+backgrounding.swift */,
				CDED0BEB25949ACD00862DE0 /* Z80+OpcodeED.swift */,
				CDED0BFA25949B2D00862DE0 /* Z80+OpcodeCB.swift */,
				CDED0BFF25949B3C00862DE0 /* Z80+Opcode.swift */,
				CDED0C0425949EB000862DE0 /* UInt8+Bitwise.swift */,
				CDED0C112598967700862DE0 /* UInt16+Bitwise.swift */,
				CD959D6B2599EF940043FB91 /* Z80+OpcodeDDFDCB.swift */,
				CD959D702599F6680043FB91 /* Z80+OpCodeDDFD.swift */,
			);
			path = extensions;
			sourceTree = "<group>";
		};
		CDF8A2722531E86D00F0D216 /* models */ = {
			isa = PBXGroup;
			children = (
				CDF8A2732531E87F00F0D216 /* CodeByteModel.swift */,
				CDF8C47825335F8C0014A587 /* RegisterModel.swift */,
				CDBB3F3E253B371800A1FFC0 /* OpCode.swift */,
			);
			path = models;
			sourceTree = "<group>";
		};
/* End PBXGroup section */

/* Begin PBXNativeTarget section */
		CDF8A1CE2531CC2700F0D216 /* inSpeccytor */ = {
			isa = PBXNativeTarget;
			buildConfigurationList = CDF8A1FC2531CC2A00F0D216 /* Build configuration list for PBXNativeTarget "inSpeccytor" */;
			buildPhases = (
				CDF8A1CB2531CC2700F0D216 /* Sources */,
				CDF8A1CC2531CC2700F0D216 /* Frameworks */,
				CDF8A1CD2531CC2700F0D216 /* Resources */,
			);
			buildRules = (
			);
			dependencies = (
			);
			name = inSpeccytor;
			productName = inSpeccytor;
			productReference = CDF8A1CF2531CC2700F0D216 /* inSpeccytor.app */;
			productType = "com.apple.product-type.application";
		};
		CDF8A1E72531CC2A00F0D216 /* inSpeccytorTests */ = {
			isa = PBXNativeTarget;
			buildConfigurationList = CDF8A1FF2531CC2A00F0D216 /* Build configuration list for PBXNativeTarget "inSpeccytorTests" */;
			buildPhases = (
				CDF8A1E42531CC2A00F0D216 /* Sources */,
				CDF8A1E52531CC2A00F0D216 /* Frameworks */,
				CDF8A1E62531CC2A00F0D216 /* Resources */,
			);
			buildRules = (
			);
			dependencies = (
				CDF8A1EA2531CC2A00F0D216 /* PBXTargetDependency */,
			);
			name = inSpeccytorTests;
			productName = inSpeccytorTests;
			productReference = CDF8A1E82531CC2A00F0D216 /* inSpeccytorTests.xctest */;
			productType = "com.apple.product-type.bundle.unit-test";
		};
		CDF8A1F22531CC2A00F0D216 /* inSpeccytorUITests */ = {
			isa = PBXNativeTarget;
			buildConfigurationList = CDF8A2022531CC2A00F0D216 /* Build configuration list for PBXNativeTarget "inSpeccytorUITests" */;
			buildPhases = (
				CDF8A1EF2531CC2A00F0D216 /* Sources */,
				CDF8A1F02531CC2A00F0D216 /* Frameworks */,
				CDF8A1F12531CC2A00F0D216 /* Resources */,
			);
			buildRules = (
			);
			dependencies = (
				CDF8A1F52531CC2A00F0D216 /* PBXTargetDependency */,
			);
			name = inSpeccytorUITests;
			productName = inSpeccytorUITests;
			productReference = CDF8A1F32531CC2A00F0D216 /* inSpeccytorUITests.xctest */;
			productType = "com.apple.product-type.bundle.ui-testing";
		};
/* End PBXNativeTarget section */

/* Begin PBXProject section */
		CDF8A1C72531CC2700F0D216 /* Project object */ = {
			isa = PBXProject;
			attributes = {
				LastSwiftUpdateCheck = 1200;
				LastUpgradeCheck = 1200;
				TargetAttributes = {
					CDF8A1CE2531CC2700F0D216 = {
						CreatedOnToolsVersion = 12.0;
					};
					CDF8A1E72531CC2A00F0D216 = {
						CreatedOnToolsVersion = 12.0;
						TestTargetID = CDF8A1CE2531CC2700F0D216;
					};
					CDF8A1F22531CC2A00F0D216 = {
						CreatedOnToolsVersion = 12.0;
						TestTargetID = CDF8A1CE2531CC2700F0D216;
					};
				};
			};
			buildConfigurationList = CDF8A1CA2531CC2700F0D216 /* Build configuration list for PBXProject "inSpeccytor" */;
			compatibilityVersion = "Xcode 9.3";
			developmentRegion = en;
			hasScannedForEncodings = 0;
			knownRegions = (
				en,
				Base,
			);
			mainGroup = CDF8A1C62531CC2700F0D216;
			productRefGroup = CDF8A1D02531CC2700F0D216 /* Products */;
			projectDirPath = "";
			projectRoot = "";
			targets = (
				CDF8A1CE2531CC2700F0D216 /* inSpeccytor */,
				CDF8A1E72531CC2A00F0D216 /* inSpeccytorTests */,
				CDF8A1F22531CC2A00F0D216 /* inSpeccytorUITests */,
			);
		};
/* End PBXProject section */

/* Begin PBXResourcesBuildPhase section */
		CDF8A1CD2531CC2700F0D216 /* Resources */ = {
			isa = PBXResourcesBuildPhase;
			buildActionMask = 2147483647;
			files = (
				CD03E6E5259C7827005F0F83 /* ab.sna in Resources */,
				CDF8A1E22531CC2A00F0D216 /* LaunchScreen.storyboard in Resources */,
				CDF8A1DF2531CC2A00F0D216 /* Assets.xcassets in Resources */,
				CDE3ECCE258F525500C8E8AF /* 48k.rom in Resources */,
				CDE3ECCC258F525500C8E8AF /* 128k+3.rom in Resources */,
				CD03E6D8259BC8DE005F0F83 /* testand.sna in Resources */,
				CD03E6E0259BD501005F0F83 /* testz80.sna in Resources */,
				CDF8A20E2531CCB700F0D216 /* actionbiker.sna in Resources */,
				CDE3ECCD258F525500C8E8AF /* 128k+2.rom in Resources */,
				CDF8A1DA2531CC2700F0D216 /* Main.storyboard in Resources */,
				CD8F4D69258F9E860004CD3F /* Main_Mac.storyboard in Resources */,
				CDCB61E22588F030008DD916 /* aticatac.sna in Resources */,
				CDE3ECCF258F525500C8E8AF /* 128k.rom in Resources */,
			);
			runOnlyForDeploymentPostprocessing = 0;
		};
		CDF8A1E62531CC2A00F0D216 /* Resources */ = {
			isa = PBXResourcesBuildPhase;
			buildActionMask = 2147483647;
			files = (
			);
			runOnlyForDeploymentPostprocessing = 0;
		};
		CDF8A1F12531CC2A00F0D216 /* Resources */ = {
			isa = PBXResourcesBuildPhase;
			buildActionMask = 2147483647;
			files = (
			);
			runOnlyForDeploymentPostprocessing = 0;
		};
/* End PBXResourcesBuildPhase section */

/* Begin PBXSourcesBuildPhase section */
		CDF8A1CB2531CC2700F0D216 /* Sources */ = {
			isa = PBXSourcesBuildPhase;
			buildActionMask = 2147483647;
			files = (
				CDBB3F3A253B360F00A1FFC0 /* OpCodeDefs.swift in Sources */,
				CDED0C0025949B3C00862DE0 /* Z80+Opcode.swift in Sources */,
				CD0DB0F9259B5E340001A4F5 /* FlagRegister.swift in Sources */,
				CDF8A26E2531DBC000F0D216 /* StringExtensions.swift in Sources */,
				CD59ED08254EC83B00B56C1A /* TargetType.swift in Sources */,
				CDED0C0525949EB000862DE0 /* UInt8+Bitwise.swift in Sources */,
				CDF8A1D72531CC2700F0D216 /* ViewController.swift in Sources */,
				CD62E43E25A4C44600B89CEA /* AudioStreamer.swift in Sources */,
				CDCB61CE258817C8008DD916 /* Bitmap.swift in Sources */,
				CD959D6C2599EF940043FB91 /* Z80+OpcodeDDFDCB.swift in Sources */,
				CDF8A1D32531CC2700F0D216 /* AppDelegate.swift in Sources */,
				CDF8A2662531DA7900F0D216 /* Data+String.swift in Sources */,
				CDED0BFB25949B2D00862DE0 /* Z80+OpcodeCB.swift in Sources */,
				CDED0BEC25949ACD00862DE0 /* Z80+OpcodeED.swift in Sources */,
				CDED0C122598967700862DE0 /* UInt16+Bitwise.swift in Sources */,
				CDF8A1D52531CC2700F0D216 /* SceneDelegate.swift in Sources */,
				CDCB61D82588C80B008DD916 /* Int+Bitwise.swift in Sources */,
				CDCB61D325881842008DD916 /* UIImage+Bitmap.swift in Sources */,
				CDE3ECB0258CE7D900C8E8AF /* Z80.swift in Sources */,
				CD8F4D6E258FD48B0004CD3F /* DispatchQueue+backgrounding.swift in Sources */,
				CDF8A27C2531ED3500F0D216 /* LineTableViewCell.swift in Sources */,
				CDE3ECC3258CFC8B00C8E8AF /* Accumilator.swift in Sources */,
				CDF8A1DD2531CC2700F0D216 /* inSpeccytor.xcdatamodeld in Sources */,
				CDCB61C925881786008DD916 /* Color.swift in Sources */,
				CD959D712599F6680043FB91 /* Z80+OpCodeDDFD.swift in Sources */,
				CDE3ECB6258CE84E00C8E8AF /* Register.swift in Sources */,
				CDE3ECBE258CF3F100C8E8AF /* RegisterPair.swift in Sources */,
				CDBB3F3F253B371800A1FFC0 /* OpCode.swift in Sources */,
				CDF8A2742531E87F00F0D216 /* CodeByteModel.swift in Sources */,
				CD59ECF1254EBE0400B56C1A /* MainTableViewCell.swift in Sources */,
				CDCB61DD2588DC56008DD916 /* Int+Attributes.swift in Sources */,
				CDF8C47925335F8C0014A587 /* RegisterModel.swift in Sources */,
				CDED0C0A25949FF400862DE0 /* Flag.swift in Sources */,
			);
			runOnlyForDeploymentPostprocessing = 0;
		};
		CDF8A1E42531CC2A00F0D216 /* Sources */ = {
			isa = PBXSourcesBuildPhase;
			buildActionMask = 2147483647;
			files = (
				CD62E3E225A1F44200B89CEA /* BaseTest.swift in Sources */,
				CD03E70B259CF963005F0F83 /* Z80+OpCodeDDFD.swift in Sources */,
				CD03E71C259CF989005F0F83 /* LineTableViewCell.swift in Sources */,
				CD03E6F0259CF95B005F0F83 /* Z80.swift in Sources */,
				CD03E70D259CF963005F0F83 /* Z80+Opcode.swift in Sources */,
				CD03E722259CF995005F0F83 /* Register.swift in Sources */,
				CD03E711259CF963005F0F83 /* Z80+OpcodeED.swift in Sources */,
				CD03E708259CF963005F0F83 /* Int+Attributes.swift in Sources */,
				CD03E710259CF963005F0F83 /* DispatchQueue+backgrounding.swift in Sources */,
				CD03E71D259CF989005F0F83 /* ViewController.swift in Sources */,
				CD62E3D325A1C06700B89CEA /* allTestsP_CB00to7f.swift in Sources */,
				CD03E72A259CF995005F0F83 /* TargetType.swift in Sources */,
				CD03E724259CF995005F0F83 /* RegisterPair.swift in Sources */,
				CD62E3FE25A2526200B89CEA /* allTestsP_FDCB00to7f.swift in Sources */,
				CD03E70F259CF963005F0F83 /* UInt16+Bitwise.swift in Sources */,
				CD03E729259CF995005F0F83 /* FlagRegister.swift in Sources */,
				CD03E71A259CF989005F0F83 /* OpCodeDefs.swift in Sources */,
				CD03E717259CF989005F0F83 /* SceneDelegate.swift in Sources */,
				CD62E3C225A1A32200B89CEA /* allTests80toca.swift in Sources */,
				CD03E70A259CF963005F0F83 /* Z80+OpcodeCB.swift in Sources */,
				CD03E706259CF963005F0F83 /* Data+String.swift in Sources */,
				CD62E3EC25A1FB3500B89CEA /* allTestsP_DDCB00to7f.swift in Sources */,
				CD03E725259CF995005F0F83 /* Flag.swift in Sources */,
				CD03E70C259CF963005F0F83 /* UIImage+Bitmap.swift in Sources */,
				CD03E7C225A12B2E005F0F83 /* allTestsTo7f.swift in Sources */,
				CD62E40625A253EF00B89CEA /* allTestsP_FDCB80toff.swift in Sources */,
				CD03E719259CF989005F0F83 /* Color.swift in Sources */,
				CD03E716259CF989005F0F83 /* MainTableViewCell.swift in Sources */,
				CD62E40B25A2557C00B89CEA /* allTestsP_FD_ALL.swift in Sources */,
				CD03E726259CF995005F0F83 /* CodeByteModel.swift in Sources */,
				CD03E721259CF995005F0F83 /* Accumilator.swift in Sources */,
				CD03E718259CF989005F0F83 /* AppDelegate.swift in Sources */,
				CD03E709259CF963005F0F83 /* Int+Bitwise.swift in Sources */,
				CD03E712259CF963005F0F83 /* StringExtensions.swift in Sources */,
				CD62E3D825A1D99A00B89CEA /* allTestsP_CB80toff.swift in Sources */,
				CD62E3F925A2169E00B89CEA /* allTestP_ED_ALL.swift in Sources */,
				CD62E3F125A2068C00B89CEA /* allTestsP_DDCB80toff.swift in Sources */,
				CD03E70E259CF963005F0F83 /* UInt8+Bitwise.swift in Sources */,
				CD03E727259CF995005F0F83 /* RegisterModel.swift in Sources */,
				CD03E723259CF995005F0F83 /* OpCode.swift in Sources */,
				CD03E71B259CF989005F0F83 /* Bitmap.swift in Sources */,
				CD62E3DD25A1EEC800B89CEA /* allTestsP_DD00to7f.swift in Sources */,
				CD03E707259CF963005F0F83 /* Z80+OpcodeDDFDCB.swift in Sources */,
				CD62E3E725A1F49200B89CEA /* allTestsP_DD80toff.swift in Sources */,
			);
			runOnlyForDeploymentPostprocessing = 0;
		};
		CDF8A1EF2531CC2A00F0D216 /* Sources */ = {
			isa = PBXSourcesBuildPhase;
			buildActionMask = 2147483647;
			files = (
				CDF8A1F82531CC2A00F0D216 /* inSpeccytorUITests.swift in Sources */,
			);
			runOnlyForDeploymentPostprocessing = 0;
		};
/* End PBXSourcesBuildPhase section */

/* Begin PBXTargetDependency section */
		CDF8A1EA2531CC2A00F0D216 /* PBXTargetDependency */ = {
			isa = PBXTargetDependency;
			target = CDF8A1CE2531CC2700F0D216 /* inSpeccytor */;
			targetProxy = CDF8A1E92531CC2A00F0D216 /* PBXContainerItemProxy */;
		};
		CDF8A1F52531CC2A00F0D216 /* PBXTargetDependency */ = {
			isa = PBXTargetDependency;
			target = CDF8A1CE2531CC2700F0D216 /* inSpeccytor */;
			targetProxy = CDF8A1F42531CC2A00F0D216 /* PBXContainerItemProxy */;
		};
/* End PBXTargetDependency section */

/* Begin PBXVariantGroup section */
		CDF8A1D82531CC2700F0D216 /* Main.storyboard */ = {
			isa = PBXVariantGroup;
			children = (
				CDF8A1D92531CC2700F0D216 /* Base */,
			);
			name = Main.storyboard;
			sourceTree = "<group>";
		};
		CDF8A1E02531CC2A00F0D216 /* LaunchScreen.storyboard */ = {
			isa = PBXVariantGroup;
			children = (
				CDF8A1E12531CC2A00F0D216 /* Base */,
			);
			name = LaunchScreen.storyboard;
			sourceTree = "<group>";
		};
/* End PBXVariantGroup section */

/* Begin XCBuildConfiguration section */
		CDF8A1FA2531CC2A00F0D216 /* Debug */ = {
			isa = XCBuildConfiguration;
			buildSettings = {
				ALWAYS_SEARCH_USER_PATHS = NO;
				CLANG_ANALYZER_NONNULL = YES;
				CLANG_ANALYZER_NUMBER_OBJECT_CONVERSION = YES_AGGRESSIVE;
				CLANG_CXX_LANGUAGE_STANDARD = "gnu++14";
				CLANG_CXX_LIBRARY = "libc++";
				CLANG_ENABLE_MODULES = YES;
				CLANG_ENABLE_OBJC_ARC = YES;
				CLANG_ENABLE_OBJC_WEAK = YES;
				CLANG_WARN_BLOCK_CAPTURE_AUTORELEASING = YES;
				CLANG_WARN_BOOL_CONVERSION = YES;
				CLANG_WARN_COMMA = YES;
				CLANG_WARN_CONSTANT_CONVERSION = YES;
				CLANG_WARN_DEPRECATED_OBJC_IMPLEMENTATIONS = YES;
				CLANG_WARN_DIRECT_OBJC_ISA_USAGE = YES_ERROR;
				CLANG_WARN_DOCUMENTATION_COMMENTS = YES;
				CLANG_WARN_EMPTY_BODY = YES;
				CLANG_WARN_ENUM_CONVERSION = YES;
				CLANG_WARN_INFINITE_RECURSION = YES;
				CLANG_WARN_INT_CONVERSION = YES;
				CLANG_WARN_NON_LITERAL_NULL_CONVERSION = YES;
				CLANG_WARN_OBJC_IMPLICIT_RETAIN_SELF = YES;
				CLANG_WARN_OBJC_LITERAL_CONVERSION = YES;
				CLANG_WARN_OBJC_ROOT_CLASS = YES_ERROR;
				CLANG_WARN_QUOTED_INCLUDE_IN_FRAMEWORK_HEADER = YES;
				CLANG_WARN_RANGE_LOOP_ANALYSIS = YES;
				CLANG_WARN_STRICT_PROTOTYPES = YES;
				CLANG_WARN_SUSPICIOUS_MOVE = YES;
				CLANG_WARN_UNGUARDED_AVAILABILITY = YES_AGGRESSIVE;
				CLANG_WARN_UNREACHABLE_CODE = YES;
				CLANG_WARN__DUPLICATE_METHOD_MATCH = YES;
				COPY_PHASE_STRIP = NO;
				DEBUG_INFORMATION_FORMAT = dwarf;
				ENABLE_STRICT_OBJC_MSGSEND = YES;
				ENABLE_TESTABILITY = YES;
				ENABLE_TESTING_SEARCH_PATHS = YES;
				GCC_C_LANGUAGE_STANDARD = gnu11;
				GCC_DYNAMIC_NO_PIC = NO;
				GCC_NO_COMMON_BLOCKS = YES;
				GCC_OPTIMIZATION_LEVEL = 0;
				GCC_PREPROCESSOR_DEFINITIONS = (
					"DEBUG=1",
					"$(inherited)",
				);
				GCC_WARN_64_TO_32_BIT_CONVERSION = YES;
				GCC_WARN_ABOUT_RETURN_TYPE = YES_ERROR;
				GCC_WARN_UNDECLARED_SELECTOR = YES;
				GCC_WARN_UNINITIALIZED_AUTOS = YES_AGGRESSIVE;
				GCC_WARN_UNUSED_FUNCTION = YES;
				GCC_WARN_UNUSED_VARIABLE = YES;
				IPHONEOS_DEPLOYMENT_TARGET = 14.0;
				MTL_ENABLE_DEBUG_INFO = INCLUDE_SOURCE;
				MTL_FAST_MATH = YES;
				ONLY_ACTIVE_ARCH = YES;
				SDKROOT = iphoneos;
				SWIFT_ACTIVE_COMPILATION_CONDITIONS = DEBUG;
				SWIFT_OPTIMIZATION_LEVEL = "-Onone";
			};
			name = Debug;
		};
		CDF8A1FB2531CC2A00F0D216 /* Release */ = {
			isa = XCBuildConfiguration;
			buildSettings = {
				ALWAYS_SEARCH_USER_PATHS = NO;
				CLANG_ANALYZER_NONNULL = YES;
				CLANG_ANALYZER_NUMBER_OBJECT_CONVERSION = YES_AGGRESSIVE;
				CLANG_CXX_LANGUAGE_STANDARD = "gnu++14";
				CLANG_CXX_LIBRARY = "libc++";
				CLANG_ENABLE_MODULES = YES;
				CLANG_ENABLE_OBJC_ARC = YES;
				CLANG_ENABLE_OBJC_WEAK = YES;
				CLANG_WARN_BLOCK_CAPTURE_AUTORELEASING = YES;
				CLANG_WARN_BOOL_CONVERSION = YES;
				CLANG_WARN_COMMA = YES;
				CLANG_WARN_CONSTANT_CONVERSION = YES;
				CLANG_WARN_DEPRECATED_OBJC_IMPLEMENTATIONS = YES;
				CLANG_WARN_DIRECT_OBJC_ISA_USAGE = YES_ERROR;
				CLANG_WARN_DOCUMENTATION_COMMENTS = YES;
				CLANG_WARN_EMPTY_BODY = YES;
				CLANG_WARN_ENUM_CONVERSION = YES;
				CLANG_WARN_INFINITE_RECURSION = YES;
				CLANG_WARN_INT_CONVERSION = YES;
				CLANG_WARN_NON_LITERAL_NULL_CONVERSION = YES;
				CLANG_WARN_OBJC_IMPLICIT_RETAIN_SELF = YES;
				CLANG_WARN_OBJC_LITERAL_CONVERSION = YES;
				CLANG_WARN_OBJC_ROOT_CLASS = YES_ERROR;
				CLANG_WARN_QUOTED_INCLUDE_IN_FRAMEWORK_HEADER = YES;
				CLANG_WARN_RANGE_LOOP_ANALYSIS = YES;
				CLANG_WARN_STRICT_PROTOTYPES = YES;
				CLANG_WARN_SUSPICIOUS_MOVE = YES;
				CLANG_WARN_UNGUARDED_AVAILABILITY = YES_AGGRESSIVE;
				CLANG_WARN_UNREACHABLE_CODE = YES;
				CLANG_WARN__DUPLICATE_METHOD_MATCH = YES;
				COPY_PHASE_STRIP = NO;
				DEBUG_INFORMATION_FORMAT = "dwarf-with-dsym";
				ENABLE_NS_ASSERTIONS = NO;
				ENABLE_STRICT_OBJC_MSGSEND = YES;
				ENABLE_TESTABILITY = YES;
				ENABLE_TESTING_SEARCH_PATHS = YES;
				GCC_C_LANGUAGE_STANDARD = gnu11;
				GCC_NO_COMMON_BLOCKS = YES;
				GCC_WARN_64_TO_32_BIT_CONVERSION = YES;
				GCC_WARN_ABOUT_RETURN_TYPE = YES_ERROR;
				GCC_WARN_UNDECLARED_SELECTOR = YES;
				GCC_WARN_UNINITIALIZED_AUTOS = YES_AGGRESSIVE;
				GCC_WARN_UNUSED_FUNCTION = YES;
				GCC_WARN_UNUSED_VARIABLE = YES;
				IPHONEOS_DEPLOYMENT_TARGET = 14.0;
				MTL_ENABLE_DEBUG_INFO = NO;
				MTL_FAST_MATH = YES;
				SDKROOT = iphoneos;
				SWIFT_COMPILATION_MODE = wholemodule;
				SWIFT_OPTIMIZATION_LEVEL = "-O";
				VALIDATE_PRODUCT = YES;
			};
			name = Release;
		};
		CDF8A1FD2531CC2A00F0D216 /* Debug */ = {
			isa = XCBuildConfiguration;
			buildSettings = {
				ASSETCATALOG_COMPILER_APPICON_NAME = AppIcon;
				ASSETCATALOG_COMPILER_GLOBAL_ACCENT_COLOR_NAME = AccentColor;
				CODE_SIGN_ENTITLEMENTS = inSpeccytor/inSpeccytor.entitlements;
				CODE_SIGN_STYLE = Automatic;
				DEVELOPMENT_TEAM = FAGJTP495D;
				ENABLE_TESTING_SEARCH_PATHS = YES;
				GCC_OPTIMIZATION_LEVEL = 0;
				INFOPLIST_FILE = inSpeccytor/Info.plist;
				LD_RUNPATH_SEARCH_PATHS = (
					"$(inherited)",
					"@executable_path/Frameworks",
				);
				PRODUCT_BUNDLE_IDENTIFIER = com.willowrod.inSpeccytor;
				PRODUCT_NAME = "$(TARGET_NAME)";
				SUPPORTS_MACCATALYST = YES;
				SWIFT_VERSION = 5.0;
				TARGETED_DEVICE_FAMILY = "1,2";
			};
			name = Debug;
		};
		CDF8A1FE2531CC2A00F0D216 /* Release */ = {
			isa = XCBuildConfiguration;
			buildSettings = {
				ASSETCATALOG_COMPILER_APPICON_NAME = AppIcon;
				ASSETCATALOG_COMPILER_GLOBAL_ACCENT_COLOR_NAME = AccentColor;
				CODE_SIGN_ENTITLEMENTS = inSpeccytor/inSpeccytor.entitlements;
				CODE_SIGN_STYLE = Automatic;
				DEVELOPMENT_TEAM = FAGJTP495D;
				ENABLE_TESTABILITY = YES;
				ENABLE_TESTING_SEARCH_PATHS = YES;
				INFOPLIST_FILE = inSpeccytor/Info.plist;
				LD_RUNPATH_SEARCH_PATHS = (
					"$(inherited)",
					"@executable_path/Frameworks",
				);
				PRODUCT_BUNDLE_IDENTIFIER = com.willowrod.inSpeccytor;
				PRODUCT_NAME = "$(TARGET_NAME)";
				SUPPORTS_MACCATALYST = YES;
				SWIFT_VERSION = 5.0;
				TARGETED_DEVICE_FAMILY = "1,2";
			};
			name = Release;
		};
		CDF8A2002531CC2A00F0D216 /* Debug */ = {
			isa = XCBuildConfiguration;
			buildSettings = {
				ALWAYS_EMBED_SWIFT_STANDARD_LIBRARIES = YES;
				BUNDLE_LOADER = "$(TEST_HOST)";
				CODE_SIGN_STYLE = Automatic;
				DEVELOPMENT_TEAM = FAGJTP495D;
				INFOPLIST_FILE = inSpeccytorTests/Info.plist;
				IPHONEOS_DEPLOYMENT_TARGET = 14.0;
				LD_RUNPATH_SEARCH_PATHS = (
					"$(inherited)",
					"@executable_path/Frameworks",
					"@loader_path/Frameworks",
				);
				PRODUCT_BUNDLE_IDENTIFIER = com.willowrod.inSpeccytorTests;
				PRODUCT_NAME = "$(TARGET_NAME)";
				SWIFT_VERSION = 5.0;
				TARGETED_DEVICE_FAMILY = "1,2";
				TEST_HOST = "$(BUILT_PRODUCTS_DIR)/inSpeccytor.app/inSpeccytor";
			};
			name = Debug;
		};
		CDF8A2012531CC2A00F0D216 /* Release */ = {
			isa = XCBuildConfiguration;
			buildSettings = {
				ALWAYS_EMBED_SWIFT_STANDARD_LIBRARIES = YES;
				BUNDLE_LOADER = "$(TEST_HOST)";
				CODE_SIGN_STYLE = Automatic;
				DEVELOPMENT_TEAM = FAGJTP495D;
				INFOPLIST_FILE = inSpeccytorTests/Info.plist;
				IPHONEOS_DEPLOYMENT_TARGET = 14.0;
				LD_RUNPATH_SEARCH_PATHS = (
					"$(inherited)",
					"@executable_path/Frameworks",
					"@loader_path/Frameworks",
				);
				PRODUCT_BUNDLE_IDENTIFIER = com.willowrod.inSpeccytorTests;
				PRODUCT_NAME = "$(TARGET_NAME)";
				SWIFT_VERSION = 5.0;
				TARGETED_DEVICE_FAMILY = "1,2";
				TEST_HOST = "$(BUILT_PRODUCTS_DIR)/inSpeccytor.app/inSpeccytor";
			};
			name = Release;
		};
		CDF8A2032531CC2A00F0D216 /* Debug */ = {
			isa = XCBuildConfiguration;
			buildSettings = {
				ALWAYS_EMBED_SWIFT_STANDARD_LIBRARIES = YES;
				CODE_SIGN_STYLE = Automatic;
				DEVELOPMENT_TEAM = FAGJTP495D;
				INFOPLIST_FILE = inSpeccytorUITests/Info.plist;
				LD_RUNPATH_SEARCH_PATHS = (
					"$(inherited)",
					"@executable_path/Frameworks",
					"@loader_path/Frameworks",
				);
				PRODUCT_BUNDLE_IDENTIFIER = com.willowrod.inSpeccytorUITests;
				PRODUCT_NAME = "$(TARGET_NAME)";
				SWIFT_VERSION = 5.0;
				TARGETED_DEVICE_FAMILY = "1,2";
				TEST_TARGET_NAME = inSpeccytor;
			};
			name = Debug;
		};
		CDF8A2042531CC2A00F0D216 /* Release */ = {
			isa = XCBuildConfiguration;
			buildSettings = {
				ALWAYS_EMBED_SWIFT_STANDARD_LIBRARIES = YES;
				CODE_SIGN_STYLE = Automatic;
				DEVELOPMENT_TEAM = FAGJTP495D;
				INFOPLIST_FILE = inSpeccytorUITests/Info.plist;
				LD_RUNPATH_SEARCH_PATHS = (
					"$(inherited)",
					"@executable_path/Frameworks",
					"@loader_path/Frameworks",
				);
				PRODUCT_BUNDLE_IDENTIFIER = com.willowrod.inSpeccytorUITests;
				PRODUCT_NAME = "$(TARGET_NAME)";
				SWIFT_VERSION = 5.0;
				TARGETED_DEVICE_FAMILY = "1,2";
				TEST_TARGET_NAME = inSpeccytor;
			};
			name = Release;
		};
/* End XCBuildConfiguration section */

/* Begin XCConfigurationList section */
		CDF8A1CA2531CC2700F0D216 /* Build configuration list for PBXProject "inSpeccytor" */ = {
			isa = XCConfigurationList;
			buildConfigurations = (
				CDF8A1FA2531CC2A00F0D216 /* Debug */,
				CDF8A1FB2531CC2A00F0D216 /* Release */,
			);
			defaultConfigurationIsVisible = 0;
			defaultConfigurationName = Release;
		};
		CDF8A1FC2531CC2A00F0D216 /* Build configuration list for PBXNativeTarget "inSpeccytor" */ = {
			isa = XCConfigurationList;
			buildConfigurations = (
				CDF8A1FD2531CC2A00F0D216 /* Debug */,
				CDF8A1FE2531CC2A00F0D216 /* Release */,
			);
			defaultConfigurationIsVisible = 0;
			defaultConfigurationName = Release;
		};
		CDF8A1FF2531CC2A00F0D216 /* Build configuration list for PBXNativeTarget "inSpeccytorTests" */ = {
			isa = XCConfigurationList;
			buildConfigurations = (
				CDF8A2002531CC2A00F0D216 /* Debug */,
				CDF8A2012531CC2A00F0D216 /* Release */,
			);
			defaultConfigurationIsVisible = 0;
			defaultConfigurationName = Release;
		};
		CDF8A2022531CC2A00F0D216 /* Build configuration list for PBXNativeTarget "inSpeccytorUITests" */ = {
			isa = XCConfigurationList;
			buildConfigurations = (
				CDF8A2032531CC2A00F0D216 /* Debug */,
				CDF8A2042531CC2A00F0D216 /* Release */,
			);
			defaultConfigurationIsVisible = 0;
			defaultConfigurationName = Release;
		};
/* End XCConfigurationList section */

/* Begin XCVersionGroup section */
		CDF8A1DB2531CC2700F0D216 /* inSpeccytor.xcdatamodeld */ = {
			isa = XCVersionGroup;
			children = (
				CDF8A1DC2531CC2700F0D216 /* inSpeccytor.xcdatamodel */,
			);
			currentVersion = CDF8A1DC2531CC2700F0D216 /* inSpeccytor.xcdatamodel */;
			path = inSpeccytor.xcdatamodeld;
			sourceTree = "<group>";
			versionGroupType = wrapper.xcdatamodel;
		};
/* End XCVersionGroup section */
	};
	rootObject = CDF8A1C72531CC2700F0D216 /* Project object */;
}
